
Microsoft Visual Studio Solution File, Format Version 12.00
# Visual Studio Version 16
VisualStudioVersion = 16.0.29519.181
MinimumVisualStudioVersion = 10.0.40219.1
Project("{FAE04EC0-301F-11D3-BF4B-00C04F79EFBC}") = "Zefugi.Digraph", "Zefugi.Digraph\Zefugi.Digraph.csproj", "{1960779E-A6CE-4B07-9566-D2C208E678F9}"
EndProject
Project("{FAE04EC0-301F-11D3-BF4B-00C04F79EFBC}") = "Zefugi.Digraph.Tests", "Zefugi.Digraph.Tests\Zefugi.Digraph.Tests.csproj", "{7F123D1D-3F22-40CE-BE6A-85471CACE483}"
EndProject
Project("{FAE04EC0-301F-11D3-BF4B-00C04F79EFBC}") = "ConsoleApp1", "ConsoleApp1\ConsoleApp1.csproj", "{AA42060F-E65F-4BEC-B261-0AA271F55390}"
EndProject
Global
	GlobalSection(SolutionConfigurationPlatforms) = preSolution
		Debug|Any CPU = Debug|Any CPU
		Release|Any CPU = Release|Any CPU
	EndGlobalSection
	GlobalSection(ProjectConfigurationPlatforms) = postSolution
		{1960779E-A6CE-4B07-9566-D2C208E678F9}.Debug|Any CPU.ActiveCfg = Debug|Any CPU
		{1960779E-A6CE-4B07-9566-D2C208E678F9}.Debug|Any CPU.Build.0 = Debug|Any CPU
		{1960779E-A6CE-4B07-9566-D2C208E678F9}.Release|Any CPU.ActiveCfg = Release|Any CPU
		{1960779E-A6CE-4B07-9566-D2C208E678F9}.Release|Any CPU.Build.0 = Release|Any CPU
		{7F123D1D-3F22-40CE-BE6A-85471CACE483}.Debug|Any CPU.ActiveCfg = Debug|Any CPU
		{7F123D1D-3F22-40CE-BE6A-85471CACE483}.Debug|Any CPU.Build.0 = Debug|Any CPU
		{7F123D1D-3F22-40CE-BE6A-85471CACE483}.Release|Any CPU.ActiveCfg = Release|Any CPU
		{7F123D1D-3F22-40CE-BE6A-85471CACE483}.Release|Any CPU.Build.0 = Release|Any CPU
		{AA42060F-E65F-4BEC-B261-0AA271F55390}.Debug|Any CPU.ActiveCfg = Debug|Any CPU
		{AA42060F-E65F-4BEC-B261-0AA271F55390}.Debug|Any CPU.Build.0 = Debug|Any CPU
		{AA42060F-E65F-4BEC-B261-0AA271F55390}.Release|Any CPU.ActiveCfg = Release|Any CPU
		{AA42060F-E65F-4BEC-B261-0AA271F55390}.Release|Any CPU.Build.0 = Release|Any CPU
	EndGlobalSection
	GlobalSection(SolutionProperties) = preSolution
		HideSolutionNode = FALSE
	EndGlobalSection
	GlobalSection(ExtensibilityGlobals) = postSolution
		SolutionGuid = {C50D4935-D2AF-4937-BF2F-C2C0D55E3D79}
	EndGlobalSection
EndGlobal
