
Microsoft Visual Studio Solution File, Format Version 12.00
# Visual Studio Version 16
VisualStudioVersion = 16.0.30406.217
MinimumVisualStudioVersion = 10.0.40219.1
Project("{9A19103F-16F7-4668-BE54-9A1E7A4F7556}") = "Zefugi.Digraph.Blazor", "Zefugi.Digraph.Blazor\Zefugi.Digraph.Blazor.csproj", "{58A48ECF-6D81-41BD-B6BC-9B135B53822C}"
EndProject
Project("{FAE04EC0-301F-11D3-BF4B-00C04F79EFBC}") = "Zefugi.Digraph.Model", "Zefugi.Digraph.Model\Zefugi.Digraph.Model.csproj", "{47D2030E-EB3B-416A-82C7-9F1707593B66}"
EndProject
Global
	GlobalSection(SolutionConfigurationPlatforms) = preSolution
		Debug|Any CPU = Debug|Any CPU
		Release|Any CPU = Release|Any CPU
	EndGlobalSection
	GlobalSection(ProjectConfigurationPlatforms) = postSolution
		{58A48ECF-6D81-41BD-B6BC-9B135B53822C}.Debug|Any CPU.ActiveCfg = Debug|Any CPU
		{58A48ECF-6D81-41BD-B6BC-9B135B53822C}.Debug|Any CPU.Build.0 = Debug|Any CPU
		{58A48ECF-6D81-41BD-B6BC-9B135B53822C}.Release|Any CPU.ActiveCfg = Release|Any CPU
		{58A48ECF-6D81-41BD-B6BC-9B135B53822C}.Release|Any CPU.Build.0 = Release|Any CPU
		{47D2030E-EB3B-416A-82C7-9F1707593B66}.Debug|Any CPU.ActiveCfg = Debug|Any CPU
		{47D2030E-EB3B-416A-82C7-9F1707593B66}.Debug|Any CPU.Build.0 = Debug|Any CPU
		{47D2030E-EB3B-416A-82C7-9F1707593B66}.Release|Any CPU.ActiveCfg = Release|Any CPU
		{47D2030E-EB3B-416A-82C7-9F1707593B66}.Release|Any CPU.Build.0 = Release|Any CPU
	EndGlobalSection
	GlobalSection(SolutionProperties) = preSolution
		HideSolutionNode = FALSE
	EndGlobalSection
	GlobalSection(ExtensibilityGlobals) = postSolution
		SolutionGuid = {7A0449AB-A4D5-44E5-AEF3-66CB8601C439}
	EndGlobalSection
EndGlobal
